<Solution>
  <Folder Name="/Solution Items/">
    <File Path=".gitignore" />
  </Folder>
  <Folder Name="/Tests/">
    <Project Path="Curriculum.IntegrationTests/Curriculum.IntegrationTests.csproj" />
    <Project Path="Curriculum.Tests.Shared\Curriculum.Tests.Shared.csproj" />
    <Project Path="Curriculum.UnitTests/Curriculum.UnitTests.csproj" />
  </Folder>
  <Project Path="Curriculum.Api/Curriculum.Api.csproj" />
  <Project Path="Curriculum.AppHost/Curriculum.AppHost.csproj" />
  <Project Path="Curriculum.Contracts/Curriculum.Contracts.csproj" />
  <Project Path="Curriculum.Core/Curriculum.Core.csproj" />
  <Project Path="Curriculum.Infrastructure/Curriculum.Infrastructure.csproj" />
  <Project Path="Curriculum.Services/Curriculum.Services.csproj" />
</Solution>
